
Microsoft Visual Studio Solution File, Format Version 12.00
# Visual Studio 14
VisualStudioVersion = 14.0.25420.1
MinimumVisualStudioVersion = 10.0.40219.1
Project("{2150E333-8FDC-42A3-9474-1A3956D46DE8}") = "Lib", "Lib", "{D740D460-2F10-4F0C-AB91-08094EBF9245}"
	ProjectSection(SolutionItems) = preProject
		..\Lib\AliexpressSdk.dll = ..\Lib\AliexpressSdk.dll
		..\Lib\BarcodeLib.dll = ..\Lib\BarcodeLib.dll
		..\Lib\CheckBoxComboBox.dll = ..\Lib\CheckBoxComboBox.dll
		..\Lib\ChnCharInfo.dll = ..\Lib\ChnCharInfo.dll
		..\Lib\FastReport.Bars.dll = ..\Lib\FastReport.Bars.dll
		..\Lib\FastReport.dll = ..\Lib\FastReport.dll
		..\Lib\FastReport.Editor.dll = ..\Lib\FastReport.Editor.dll
		..\Lib\Flyt.Core.Common.dll = ..\Lib\Flyt.Core.Common.dll
		..\Lib\HPSocket4C_U.dll = ..\Lib\HPSocket4C_U.dll
		..\Lib\HPSocketCS.dll = ..\Lib\HPSocketCS.dll
		..\Lib\HtmlAgilityPack.dll = ..\Lib\HtmlAgilityPack.dll
		..\Lib\ICSharpCode.SharpZipLib.dll = ..\Lib\ICSharpCode.SharpZipLib.dll
		..\Lib\JordanLib.dll = ..\Lib\JordanLib.dll
		..\Lib\LazadaSDK.dll = ..\Lib\LazadaSDK.dll
		..\Lib\LitJSON.dll = ..\Lib\LitJSON.dll
		..\Lib\log4net.dll = ..\Lib\log4net.dll
		..\Lib\Microsoft.Office.Interop.Excel.dll = ..\Lib\Microsoft.Office.Interop.Excel.dll
		..\Lib\MongoDB.Bson.dll = ..\Lib\MongoDB.Bson.dll
		..\Lib\MongoDB.Bson.xml = ..\Lib\MongoDB.Bson.xml
		..\Lib\MongoDB.Driver.dll = ..\Lib\MongoDB.Driver.dll
		..\Lib\MongoDB.Driver.XML = ..\Lib\MongoDB.Driver.XML
		..\Lib\MySql.Data.dll = ..\Lib\MySql.Data.dll
		..\Lib\MySql.Data.Entity.EF5.dll = ..\Lib\MySql.Data.Entity.EF5.dll
		..\Lib\MySql.Data.Entity.EF6.dll = ..\Lib\MySql.Data.Entity.EF6.dll
		..\Lib\MySql.Fabric.Plugin.dll = ..\Lib\MySql.Fabric.Plugin.dll
		..\Lib\MySql.Web.dll = ..\Lib\MySql.Web.dll
		..\Lib\Newtonsoft.Json.dll = ..\Lib\Newtonsoft.Json.dll
		..\Lib\NPOI.DDF.dll = ..\Lib\NPOI.DDF.dll
		..\Lib\NPOI.dll = ..\Lib\NPOI.dll
		..\Lib\NPOI.HPSF.dll = ..\Lib\NPOI.HPSF.dll
		..\Lib\NPOI.HSSF.dll = ..\Lib\NPOI.HSSF.dll
		..\Lib\NPOI.POIFS.dll = ..\Lib\NPOI.POIFS.dll
		..\Lib\NPOI.Util.dll = ..\Lib\NPOI.Util.dll
		..\Lib\OfficeHelper.dll = ..\Lib\OfficeHelper.dll
		..\Lib\OfficeHelperCommon.dll = ..\Lib\OfficeHelperCommon.dll
		..\Lib\Oracle.DataAccess.dll = ..\Lib\Oracle.DataAccess.dll
		..\Lib\SCB.EDS.Communication.Model.dll = ..\Lib\SCB.EDS.Communication.Model.dll
		..\Lib\SCB.EDS.Communication.SellerCubeSocketLib.dll = ..\Lib\SCB.EDS.Communication.SellerCubeSocketLib.dll
		..\Lib\SCB.FDS.Client.Pager.dll = ..\Lib\SCB.FDS.Client.Pager.dll
		..\Lib\SCB.Framework.Foundation.dll = ..\Lib\SCB.Framework.Foundation.dll
		..\Lib\SellerCube.ConnectionStringHelper.dll = ..\Lib\SellerCube.ConnectionStringHelper.dll
		..\Lib\SellerCube.Entity.dll = ..\Lib\SellerCube.Entity.dll
		..\Lib\SellerCube.Entity.EDS.dll = ..\Lib\SellerCube.Entity.EDS.dll
		..\Lib\SellerCube.WinControls.BarcodeProfessional.dll = ..\Lib\SellerCube.WinControls.BarcodeProfessional.dll
		..\Lib\SuperSocket.Common.dll = ..\Lib\SuperSocket.Common.dll
		..\Lib\SuperSocket.SocketBase.dll = ..\Lib\SuperSocket.SocketBase.dll
		..\Lib\SuperSocket.SocketEngine.dll = ..\Lib\SuperSocket.SocketEngine.dll
		..\Lib\System.Web.Mvc.dll = ..\Lib\System.Web.Mvc.dll
	EndProjectSection
EndProject
Project("{FAE04EC0-301F-11D3-BF4B-00C04F79EFBC}") = "Test", "Test\Test.csproj", "{1FCCBC80-BAF6-4DD5-9967-D7D252212EF9}"
EndProject
Project("{FAE04EC0-301F-11D3-BF4B-00C04F79EFBC}") = "SCB.OrderSorting.BLL", "SCB.OrderSorting.BLL\SCB.OrderSorting.BLL.csproj", "{52908890-B845-4904-B566-829DD3C350B8}"
EndProject
Project("{FAE04EC0-301F-11D3-BF4B-00C04F79EFBC}") = "SCB.OrderSorting.Client", "SCB.OrderSorting.Client\SCB.OrderSorting.Client.csproj", "{F0D4093A-6779-4E0E-A9D6-C28149DC591C}"
EndProject
Project("{FAE04EC0-301F-11D3-BF4B-00C04F79EFBC}") = "SCB.OrderSorting.DAL", "SCB.OrderSorting.DAL\SCB.OrderSorting.DAL.csproj", "{69D7E7C4-3381-4DBC-9CD7-9CF93669FB51}"
EndProject
Global
	GlobalSection(SolutionConfigurationPlatforms) = preSolution
		CD_ROM|Any CPU = CD_ROM|Any CPU
		CD_ROM|x86 = CD_ROM|x86
		Debug|Any CPU = Debug|Any CPU
		Debug|x86 = Debug|x86
		DVD-5|Any CPU = DVD-5|Any CPU
		DVD-5|x86 = DVD-5|x86
		Release|Any CPU = Release|Any CPU
		Release|x86 = Release|x86
		SingleImage|Any CPU = SingleImage|Any CPU
		SingleImage|x86 = SingleImage|x86
	EndGlobalSection
	GlobalSection(ProjectConfigurationPlatforms) = postSolution
		{1FCCBC80-BAF6-4DD5-9967-D7D252212EF9}.CD_ROM|Any CPU.ActiveCfg = Release|Any CPU
		{1FCCBC80-BAF6-4DD5-9967-D7D252212EF9}.CD_ROM|Any CPU.Build.0 = Release|Any CPU
		{1FCCBC80-BAF6-4DD5-9967-D7D252212EF9}.CD_ROM|x86.ActiveCfg = Release|x86
		{1FCCBC80-BAF6-4DD5-9967-D7D252212EF9}.CD_ROM|x86.Build.0 = Release|x86
		{1FCCBC80-BAF6-4DD5-9967-D7D252212EF9}.Debug|Any CPU.ActiveCfg = Debug|Any CPU
		{1FCCBC80-BAF6-4DD5-9967-D7D252212EF9}.Debug|Any CPU.Build.0 = Debug|Any CPU
		{1FCCBC80-BAF6-4DD5-9967-D7D252212EF9}.Debug|x86.ActiveCfg = Debug|x86
		{1FCCBC80-BAF6-4DD5-9967-D7D252212EF9}.Debug|x86.Build.0 = Debug|x86
		{1FCCBC80-BAF6-4DD5-9967-D7D252212EF9}.DVD-5|Any CPU.ActiveCfg = Debug|Any CPU
		{1FCCBC80-BAF6-4DD5-9967-D7D252212EF9}.DVD-5|Any CPU.Build.0 = Debug|Any CPU
		{1FCCBC80-BAF6-4DD5-9967-D7D252212EF9}.DVD-5|x86.ActiveCfg = Debug|x86
		{1FCCBC80-BAF6-4DD5-9967-D7D252212EF9}.DVD-5|x86.Build.0 = Debug|x86
		{1FCCBC80-BAF6-4DD5-9967-D7D252212EF9}.Release|Any CPU.ActiveCfg = Release|Any CPU
		{1FCCBC80-BAF6-4DD5-9967-D7D252212EF9}.Release|Any CPU.Build.0 = Release|Any CPU
		{1FCCBC80-BAF6-4DD5-9967-D7D252212EF9}.Release|x86.ActiveCfg = Release|x86
		{1FCCBC80-BAF6-4DD5-9967-D7D252212EF9}.Release|x86.Build.0 = Release|x86
		{1FCCBC80-BAF6-4DD5-9967-D7D252212EF9}.SingleImage|Any CPU.ActiveCfg = Release|Any CPU
		{1FCCBC80-BAF6-4DD5-9967-D7D252212EF9}.SingleImage|Any CPU.Build.0 = Release|Any CPU
		{1FCCBC80-BAF6-4DD5-9967-D7D252212EF9}.SingleImage|x86.ActiveCfg = Release|x86
		{1FCCBC80-BAF6-4DD5-9967-D7D252212EF9}.SingleImage|x86.Build.0 = Release|x86
		{52908890-B845-4904-B566-829DD3C350B8}.CD_ROM|Any CPU.ActiveCfg = Release|Any CPU
		{52908890-B845-4904-B566-829DD3C350B8}.CD_ROM|Any CPU.Build.0 = Release|Any CPU
		{52908890-B845-4904-B566-829DD3C350B8}.CD_ROM|x86.ActiveCfg = Release|x86
		{52908890-B845-4904-B566-829DD3C350B8}.CD_ROM|x86.Build.0 = Release|x86
		{52908890-B845-4904-B566-829DD3C350B8}.Debug|Any CPU.ActiveCfg = Debug|Any CPU
		{52908890-B845-4904-B566-829DD3C350B8}.Debug|Any CPU.Build.0 = Debug|Any CPU
		{52908890-B845-4904-B566-829DD3C350B8}.Debug|x86.ActiveCfg = Debug|x86
		{52908890-B845-4904-B566-829DD3C350B8}.Debug|x86.Build.0 = Debug|x86
		{52908890-B845-4904-B566-829DD3C350B8}.DVD-5|Any CPU.ActiveCfg = Debug|Any CPU
		{52908890-B845-4904-B566-829DD3C350B8}.DVD-5|Any CPU.Build.0 = Debug|Any CPU
		{52908890-B845-4904-B566-829DD3C350B8}.DVD-5|x86.ActiveCfg = Debug|x86
		{52908890-B845-4904-B566-829DD3C350B8}.DVD-5|x86.Build.0 = Debug|x86
		{52908890-B845-4904-B566-829DD3C350B8}.Release|Any CPU.ActiveCfg = Release|Any CPU
		{52908890-B845-4904-B566-829DD3C350B8}.Release|Any CPU.Build.0 = Release|Any CPU
		{52908890-B845-4904-B566-829DD3C350B8}.Release|x86.ActiveCfg = Release|x86
		{52908890-B845-4904-B566-829DD3C350B8}.Release|x86.Build.0 = Release|x86
		{52908890-B845-4904-B566-829DD3C350B8}.SingleImage|Any CPU.ActiveCfg = Release|Any CPU
		{52908890-B845-4904-B566-829DD3C350B8}.SingleImage|Any CPU.Build.0 = Release|Any CPU
		{52908890-B845-4904-B566-829DD3C350B8}.SingleImage|x86.ActiveCfg = Release|x86
		{52908890-B845-4904-B566-829DD3C350B8}.SingleImage|x86.Build.0 = Release|x86
		{F0D4093A-6779-4E0E-A9D6-C28149DC591C}.CD_ROM|Any CPU.ActiveCfg = Release|Any CPU
		{F0D4093A-6779-4E0E-A9D6-C28149DC591C}.CD_ROM|Any CPU.Build.0 = Release|Any CPU
		{F0D4093A-6779-4E0E-A9D6-C28149DC591C}.CD_ROM|x86.ActiveCfg = Release|x86
		{F0D4093A-6779-4E0E-A9D6-C28149DC591C}.CD_ROM|x86.Build.0 = Release|x86
		{F0D4093A-6779-4E0E-A9D6-C28149DC591C}.Debug|Any CPU.ActiveCfg = Debug|Any CPU
		{F0D4093A-6779-4E0E-A9D6-C28149DC591C}.Debug|Any CPU.Build.0 = Debug|Any CPU
		{F0D4093A-6779-4E0E-A9D6-C28149DC591C}.Debug|x86.ActiveCfg = Debug|x86
		{F0D4093A-6779-4E0E-A9D6-C28149DC591C}.Debug|x86.Build.0 = Debug|x86
		{F0D4093A-6779-4E0E-A9D6-C28149DC591C}.DVD-5|Any CPU.ActiveCfg = Debug|Any CPU
		{F0D4093A-6779-4E0E-A9D6-C28149DC591C}.DVD-5|Any CPU.Build.0 = Debug|Any CPU
		{F0D4093A-6779-4E0E-A9D6-C28149DC591C}.DVD-5|x86.ActiveCfg = Debug|x86
		{F0D4093A-6779-4E0E-A9D6-C28149DC591C}.DVD-5|x86.Build.0 = Debug|x86
		{F0D4093A-6779-4E0E-A9D6-C28149DC591C}.Release|Any CPU.ActiveCfg = Release|Any CPU
		{F0D4093A-6779-4E0E-A9D6-C28149DC591C}.Release|Any CPU.Build.0 = Release|Any CPU
		{F0D4093A-6779-4E0E-A9D6-C28149DC591C}.Release|x86.ActiveCfg = Release|x86
		{F0D4093A-6779-4E0E-A9D6-C28149DC591C}.Release|x86.Build.0 = Release|x86
		{F0D4093A-6779-4E0E-A9D6-C28149DC591C}.SingleImage|Any CPU.ActiveCfg = Release|Any CPU
		{F0D4093A-6779-4E0E-A9D6-C28149DC591C}.SingleImage|Any CPU.Build.0 = Release|Any CPU
		{F0D4093A-6779-4E0E-A9D6-C28149DC591C}.SingleImage|x86.ActiveCfg = Release|x86
		{F0D4093A-6779-4E0E-A9D6-C28149DC591C}.SingleImage|x86.Build.0 = Release|x86
		{69D7E7C4-3381-4DBC-9CD7-9CF93669FB51}.CD_ROM|Any CPU.ActiveCfg = Release|Any CPU
		{69D7E7C4-3381-4DBC-9CD7-9CF93669FB51}.CD_ROM|Any CPU.Build.0 = Release|Any CPU
		{69D7E7C4-3381-4DBC-9CD7-9CF93669FB51}.CD_ROM|x86.ActiveCfg = Release|x86
		{69D7E7C4-3381-4DBC-9CD7-9CF93669FB51}.CD_ROM|x86.Build.0 = Release|x86
		{69D7E7C4-3381-4DBC-9CD7-9CF93669FB51}.Debug|Any CPU.ActiveCfg = Debug|Any CPU
		{69D7E7C4-3381-4DBC-9CD7-9CF93669FB51}.Debug|Any CPU.Build.0 = Debug|Any CPU
		{69D7E7C4-3381-4DBC-9CD7-9CF93669FB51}.Debug|x86.ActiveCfg = Debug|x86
		{69D7E7C4-3381-4DBC-9CD7-9CF93669FB51}.Debug|x86.Build.0 = Debug|x86
		{69D7E7C4-3381-4DBC-9CD7-9CF93669FB51}.DVD-5|Any CPU.ActiveCfg = Debug|Any CPU
		{69D7E7C4-3381-4DBC-9CD7-9CF93669FB51}.DVD-5|Any CPU.Build.0 = Debug|Any CPU
		{69D7E7C4-3381-4DBC-9CD7-9CF93669FB51}.DVD-5|x86.ActiveCfg = Debug|x86
		{69D7E7C4-3381-4DBC-9CD7-9CF93669FB51}.DVD-5|x86.Build.0 = Debug|x86
		{69D7E7C4-3381-4DBC-9CD7-9CF93669FB51}.Release|Any CPU.ActiveCfg = Release|Any CPU
		{69D7E7C4-3381-4DBC-9CD7-9CF93669FB51}.Release|Any CPU.Build.0 = Release|Any CPU
		{69D7E7C4-3381-4DBC-9CD7-9CF93669FB51}.Release|x86.ActiveCfg = Release|x86
		{69D7E7C4-3381-4DBC-9CD7-9CF93669FB51}.Release|x86.Build.0 = Release|x86
		{69D7E7C4-3381-4DBC-9CD7-9CF93669FB51}.SingleImage|Any CPU.ActiveCfg = Release|Any CPU
		{69D7E7C4-3381-4DBC-9CD7-9CF93669FB51}.SingleImage|Any CPU.Build.0 = Release|Any CPU
		{69D7E7C4-3381-4DBC-9CD7-9CF93669FB51}.SingleImage|x86.ActiveCfg = Release|x86
		{69D7E7C4-3381-4DBC-9CD7-9CF93669FB51}.SingleImage|x86.Build.0 = Release|x86
	EndGlobalSection
	GlobalSection(SolutionProperties) = preSolution
		HideSolutionNode = FALSE
	EndGlobalSection
EndGlobal
